schema: '2.0'
stages:
  data_ingestion:
    cmd: python src/data/data_ingestion.py
    deps:
    - path: src/data/data_ingestion.py
      hash: md5
      md5: 372364bbc398d55ab1a1cc6f042774c3
      size: 4656
    params:
      params.yaml:
        data_ingestion.test_size: 0.2
    outs:
    - path: data/raw
      hash: md5
      md5: 4dde14b94632d244a6cf7ed5f026597b.dir
      size: 658104
      nfiles: 2
  data_preprocessing:
    cmd: python src/data/data_preprocessing.py
    deps:
    - path: data/raw
      hash: md5
      md5: 4dde14b94632d244a6cf7ed5f026597b.dir
      size: 658104
      nfiles: 2
    - path: src/data/data_preprocessing.py
      hash: md5
      md5: c86fdf71eb55cab5c4fbf6882d18091b
      size: 2826
    outs:
    - path: data/interim
      hash: md5
      md5: 5a33cdba8eb8c18b61ae2647015d50a5.dir
      size: 405989
      nfiles: 2
  feature_engineering:
    cmd: python src/features/feature_engineering.py
    deps:
    - path: data/interim
      hash: md5
      md5: 5a33cdba8eb8c18b61ae2647015d50a5.dir
      size: 405989
      nfiles: 2
    - path: src/features/feature_engineering.py
      hash: md5
      md5: c1e9ac62f2a96b3be93c1afc49eaf5ee
      size: 3350
    params:
      params.yaml:
        feature_engineering.max_features: 50
    outs:
    - path: data/processed
      hash: md5
      md5: 4289bdaae4616fdbece79b3206170546.dir
      size: 51387
      nfiles: 2
    - path: models/vectorizer.pkl
      hash: md5
      md5: 57281998374c01bcb370ab809203c12f
      size: 1861
  model_building:
    cmd: python src/model/model_building.py
    deps:
    - path: data/processed
      hash: md5
      md5: 4289bdaae4616fdbece79b3206170546.dir
      size: 51387
      nfiles: 2
    - path: src/model/model_building.py
      hash: md5
      md5: 5ca523fc25614845c54ba109bc6ac2d8
      size: 1802
    outs:
    - path: models/model.pkl
      hash: md5
      md5: ef6d6ccb43f1f7c2afccaeb9c960aabf
      size: 1114
  model_evaluation:
    cmd: python src/model/model_evaluation.py
    deps:
    - path: models/model.pkl
      hash: md5
      md5: ef6d6ccb43f1f7c2afccaeb9c960aabf
      size: 1114
    - path: src/model/model_evaluation.py
      hash: md5
      md5: ed67785f54cf3bae44393b2432405056
      size: 5387
    outs:
    - path: reports/experiment_info.json
      hash: md5
      md5: 780532bf1f3ce7bfb5abf72cac2cdec3
      size: 79
    - path: reports/metrics.json
      hash: md5
      md5: 25ccfd9efb3cffe1b923d02b38eee114
      size: 125
  model_registration:
    cmd: python src/model/register_model.py
    deps:
    - path: reports/experiment_info.json
      hash: md5
      md5: 780532bf1f3ce7bfb5abf72cac2cdec3
      size: 79
    - path: src/model/register_model.py
      hash: md5
      md5: f1cbd02a6472dae3efde1e29906a66f3
      size: 3032
